// !$*UTF8*$!
{
	archiveVersion = 1;
	classes = {
	};
	objectVersion = 46;
	objects = {

/* Begin PBXBuildFile section */
		62DA09B01D956EB300E0AB2C /* AppDelegate.swift in Sources */ = {isa = PBXBuildFile; fileRef = 62DA09AF1D956EB300E0AB2C /* AppDelegate.swift */; };
		62DA09B31D956EB300E0AB2C /* Ejercicio_2___Calculadora.xcdatamodeld in Sources */ = {isa = PBXBuildFile; fileRef = 62DA09B11D956EB300E0AB2C /* Ejercicio_2___Calculadora.xcdatamodeld */; };
		62DA09B51D956EB300E0AB2C /* ViewController.swift in Sources */ = {isa = PBXBuildFile; fileRef = 62DA09B41D956EB300E0AB2C /* ViewController.swift */; };
		62DA09B81D956EB300E0AB2C /* Main.storyboard in Resources */ = {isa = PBXBuildFile; fileRef = 62DA09B61D956EB300E0AB2C /* Main.storyboard */; };
		62DA09BA1D956EB300E0AB2C /* Images.xcassets in Resources */ = {isa = PBXBuildFile; fileRef = 62DA09B91D956EB300E0AB2C /* Images.xcassets */; };
		62DA09BD1D956EB300E0AB2C /* LaunchScreen.xib in Resources */ = {isa = PBXBuildFile; fileRef = 62DA09BB1D956EB300E0AB2C /* LaunchScreen.xib */; };
		62DA09C91D956EB300E0AB2C /* Ejercicio_2___CalculadoraTests.swift in Sources */ = {isa = PBXBuildFile; fileRef = 62DA09C81D956EB300E0AB2C /* Ejercicio_2___CalculadoraTests.swift */; };
/* End PBXBuildFile section */

/* Begin PBXContainerItemProxy section */
		62DA09C31D956EB300E0AB2C /* PBXContainerItemProxy */ = {
			isa = PBXContainerItemProxy;
			containerPortal = 62DA09A21D956EB300E0AB2C /* Project object */;
			proxyType = 1;
			remoteGlobalIDString = 62DA09A91D956EB300E0AB2C;
			remoteInfo = "Ejercicio 2 - Calculadora";
		};
/* End PBXContainerItemProxy section */

/* Begin PBXFileReference section */
		62DA09AA1D956EB300E0AB2C /* Ejercicio 2 - Calculadora.app */ = {isa = PBXFileReference; explicitFileType = wrapper.application; includeInIndex = 0; path = "Ejercicio 2 - Calculadora.app"; sourceTree = BUILT_PRODUCTS_DIR; };
		62DA09AE1D956EB300E0AB2C /* Info.plist */ = {isa = PBXFileReference; lastKnownFileType = text.plist.xml; path = Info.plist; sourceTree = "<group>"; };
		62DA09AF1D956EB300E0AB2C /* AppDelegate.swift */ = {isa = PBXFileReference; lastKnownFileType = sourcecode.swift; path = AppDelegate.swift; sourceTree = "<group>"; };
		62DA09B21D956EB300E0AB2C /* Ejercicio_2___Calculadora.xcdatamodel */ = {isa = PBXFileReference; lastKnownFileType = wrapper.xcdatamodel; path = "Ejercicio_2___Calculadora.xcdatamodel"; sourceTree = "<group>"; };
		62DA09B41D956EB300E0AB2C /* ViewController.swift */ = {isa = PBXFileReference; lastKnownFileType = sourcecode.swift; path = ViewController.swift; sourceTree = "<group>"; };
		62DA09B71D956EB300E0AB2C /* Base */ = {isa = PBXFileReference; lastKnownFileType = file.storyboard; name = Base; path = Base.lproj/Main.storyboard; sourceTree = "<group>"; };
		62DA09B91D956EB300E0AB2C /* Images.xcassets */ = {isa = PBXFileReference; lastKnownFileType = folder.assetcatalog; path = Images.xcassets; sourceTree = "<group>"; };
		62DA09BC1D956EB300E0AB2C /* Base */ = {isa = PBXFileReference; lastKnownFileType = file.xib; name = Base; path = Base.lproj/LaunchScreen.xib; sourceTree = "<group>"; };
		62DA09C21D956EB300E0AB2C /* Ejercicio 2 - CalculadoraTests.xctest */ = {isa = PBXFileReference; explicitFileType = wrapper.cfbundle; includeInIndex = 0; path = "Ejercicio 2 - CalculadoraTests.xctest"; sourceTree = BUILT_PRODUCTS_DIR; };
		62DA09C71D956EB300E0AB2C /* Info.plist */ = {isa = PBXFileReference; lastKnownFileType = text.plist.xml; path = Info.plist; sourceTree = "<group>"; };
		62DA09C81D956EB300E0AB2C /* Ejercicio_2___CalculadoraTests.swift */ = {isa = PBXFileReference; lastKnownFileType = sourcecode.swift; path = "Ejercicio_2___CalculadoraTests.swift"; sourceTree = "<group>"; };
/* End PBXFileReference section */

/* Begin PBXFrameworksBuildPhase section */
		62DA09A71D956EB300E0AB2C /* Frameworks */ = {
			isa = PBXFrameworksBuildPhase;
			buildActionMask = 2147483647;
			files = (
			);
			runOnlyForDeploymentPostprocessing = 0;
		};
		62DA09BF1D956EB300E0AB2C /* Frameworks */ = {
			isa = PBXFrameworksBuildPhase;
			buildActionMask = 2147483647;
			files = (
			);
			runOnlyForDeploymentPostprocessing = 0;
		};
/* End PBXFrameworksBuildPhase section */

/* Begin PBXGroup section */
		62DA09A11D956EB300E0AB2C = {
			isa = PBXGroup;
			children = (
				62DA09AC1D956EB300E0AB2C /* Ejercicio 2 - Calculadora */,
				62DA09C51D956EB300E0AB2C /* Ejercicio 2 - CalculadoraTests */,
				62DA09AB1D956EB300E0AB2C /* Products */,
			);
			sourceTree = "<group>";
		};
		62DA09AB1D956EB300E0AB2C /* Products */ = {
			isa = PBXGroup;
			children = (
				62DA09AA1D956EB300E0AB2C /* Ejercicio 2 - Calculadora.app */,
				62DA09C21D956EB300E0AB2C /* Ejercicio 2 - CalculadoraTests.xctest */,
			);
			name = Products;
			sourceTree = "<group>";
		};
		62DA09AC1D956EB300E0AB2C /* Ejercicio 2 - Calculadora */ = {
			isa = PBXGroup;
			children = (
				62DA09AF1D956EB300E0AB2C /* AppDelegate.swift */,
				62DA09B41D956EB300E0AB2C /* ViewController.swift */,
				62DA09B61D956EB300E0AB2C /* Main.storyboard */,
				62DA09B91D956EB300E0AB2C /* Images.xcassets */,
				62DA09BB1D956EB300E0AB2C /* LaunchScreen.xib */,
				62DA09B11D956EB300E0AB2C /* Ejercicio_2___Calculadora.xcdatamodeld */,
				62DA09AD1D956EB300E0AB2C /* Supporting Files */,
			);
			path = "Ejercicio 2 - Calculadora";
			sourceTree = "<group>";
		};
		62DA09AD1D956EB300E0AB2C /* Supporting Files */ = {
			isa = PBXGroup;
			children = (
				62DA09AE1D956EB300E0AB2C /* Info.plist */,
			);
			name = "Supporting Files";
			sourceTree = "<group>";
		};
		62DA09C51D956EB300E0AB2C /* Ejercicio 2 - CalculadoraTests */ = {
			isa = PBXGroup;
			children = (
				62DA09C81D956EB300E0AB2C /* Ejercicio_2___CalculadoraTests.swift */,
				62DA09C61D956EB300E0AB2C /* Supporting Files */,
			);
			path = "Ejercicio 2 - CalculadoraTests";
			sourceTree = "<group>";
		};
		62DA09C61D956EB300E0AB2C /* Supporting Files */ = {
			isa = PBXGroup;
			children = (
				62DA09C71D956EB300E0AB2C /* Info.plist */,
			);
			name = "Supporting Files";
			sourceTree = "<group>";
		};
/* End PBXGroup section */

/* Begin PBXNativeTarget section */
		62DA09A91D956EB300E0AB2C /* Ejercicio 2 - Calculadora */ = {
			isa = PBXNativeTarget;
			buildConfigurationList = 62DA09CC1D956EB300E0AB2C /* Build configuration list for PBXNativeTarget "Ejercicio 2 - Calculadora" */;
			buildPhases = (
				62DA09A61D956EB300E0AB2C /* Sources */,
				62DA09A71D956EB300E0AB2C /* Frameworks */,
				62DA09A81D956EB300E0AB2C /* Resources */,
			);
			buildRules = (
			);
			dependencies = (
			);
			name = "Ejercicio 2 - Calculadora";
			productName = "Ejercicio 2 - Calculadora";
			productReference = 62DA09AA1D956EB300E0AB2C /* Ejercicio 2 - Calculadora.app */;
			productType = "com.apple.product-type.application";
		};
		62DA09C11D956EB300E0AB2C /* Ejercicio 2 - CalculadoraTests */ = {
			isa = PBXNativeTarget;
			buildConfigurationList = 62DA09CF1D956EB300E0AB2C /* Build configuration list for PBXNativeTarget "Ejercicio 2 - CalculadoraTests" */;
			buildPhases = (
				62DA09BE1D956EB300E0AB2C /* Sources */,
				62DA09BF1D956EB300E0AB2C /* Frameworks */,
				62DA09C01D956EB300E0AB2C /* Resources */,
			);
			buildRules = (
			);
			dependencies = (
				62DA09C41D956EB300E0AB2C /* PBXTargetDependency */,
			);
			name = "Ejercicio 2 - CalculadoraTests";
			productName = "Ejercicio 2 - CalculadoraTests";
			productReference = 62DA09C21D956EB300E0AB2C /* Ejercicio 2 - CalculadoraTests.xctest */;
			productType = "com.apple.product-type.bundle.unit-test";
		};
/* End PBXNativeTarget section */

/* Begin PBXProject section */
		62DA09A21D956EB300E0AB2C /* Project object */ = {
			isa = PBXProject;
			attributes = {
				LastUpgradeCheck = 0630;
				ORGANIZATIONNAME = "Isaac Mac";
				TargetAttributes = {
					62DA09A91D956EB300E0AB2C = {
						CreatedOnToolsVersion = 6.3.2;
					};
					62DA09C11D956EB300E0AB2C = {
						CreatedOnToolsVersion = 6.3.2;
						TestTargetID = 62DA09A91D956EB300E0AB2C;
					};
				};
			};
			buildConfigurationList = 62DA09A51D956EB300E0AB2C /* Build configuration list for PBXProject "Ejercicio 2 - Calculadora" */;
			compatibilityVersion = "Xcode 3.2";
			developmentRegion = English;
			hasScannedForEncodings = 0;
			knownRegions = (
				en,
				Base,
			);
			mainGroup = 62DA09A11D956EB300E0AB2C;
			productRefGroup = 62DA09AB1D956EB300E0AB2C /* Products */;
			projectDirPath = "";
			projectRoot = "";
			targets = (
				62DA09A91D956EB300E0AB2C /* Ejercicio 2 - Calculadora */,
				62DA09C11D956EB300E0AB2C /* Ejercicio 2 - CalculadoraTests */,
			);
		};
/* End PBXProject section */

/* Begin PBXResourcesBuildPhase section */
		62DA09A81D956EB300E0AB2C /* Resources */ = {
			isa = PBXResourcesBuildPhase;
			buildActionMask = 2147483647;
			files = (
				62DA09B81D956EB300E0AB2C /* Main.storyboard in Resources */,
				62DA09BD1D956EB300E0AB2C /* LaunchScreen.xib in Resources */,
				62DA09BA1D956EB300E0AB2C /* Images.xcassets in Resources */,
			);
			runOnlyForDeploymentPostprocessing = 0;
		};
		62DA09C01D956EB300E0AB2C /* Resources */ = {
			isa = PBXResourcesBuildPhase;
			buildActionMask = 2147483647;
			files = (
			);
			runOnlyForDeploymentPostprocessing = 0;
		};
/* End PBXResourcesBuildPhase section */

/* Begin PBXSourcesBuildPhase section */
		62DA09A61D956EB300E0AB2C /* Sources */ = {
			isa = PBXSourcesBuildPhase;
			buildActionMask = 2147483647;
			files = (
				62DA09B51D956EB300E0AB2C /* ViewController.swift in Sources */,
				62DA09B31D956EB300E0AB2C /* Ejercicio_2___Calculadora.xcdatamodeld in Sources */,
				62DA09B01D956EB300E0AB2C /* AppDelegate.swift in Sources */,
			);
			runOnlyForDeploymentPostprocessing = 0;
		};
		62DA09BE1D956EB300E0AB2C /* Sources */ = {
			isa = PBXSourcesBuildPhase;
			buildActionMask = 2147483647;
			files = (
				62DA09C91D956EB300E0AB2C /* Ejercicio_2___CalculadoraTests.swift in Sources */,
			);
			runOnlyForDeploymentPostprocessing = 0;
		};
/* End PBXSourcesBuildPhase section */

/* Begin PBXTargetDependency section */
		62DA09C41D956EB300E0AB2C /* PBXTargetDependency */ = {
			isa = PBXTargetDependency;
			target = 62DA09A91D956EB300E0AB2C /* Ejercicio 2 - Calculadora */;
			targetProxy = 62DA09C31D956EB300E0AB2C /* PBXContainerItemProxy */;
		};
/* End PBXTargetDependency section */

/* Begin PBXVariantGroup section */
		62DA09B61D956EB300E0AB2C /* Main.storyboard */ = {
			isa = PBXVariantGroup;
			children = (
				62DA09B71D956EB300E0AB2C /* Base */,
			);
			name = Main.storyboard;
			sourceTree = "<group>";
		};
		62DA09BB1D956EB300E0AB2C /* LaunchScreen.xib */ = {
			isa = PBXVariantGroup;
			children = (
				62DA09BC1D956EB300E0AB2C /* Base */,
			);
			name = LaunchScreen.xib;
			sourceTree = "<group>";
		};
/* End PBXVariantGroup section */

/* Begin XCBuildConfiguration section */
		62DA09CA1D956EB300E0AB2C /* Debug */ = {
			isa = XCBuildConfiguration;
			buildSettings = {
				ALWAYS_SEARCH_USER_PATHS = NO;
				CLANG_CXX_LANGUAGE_STANDARD = "gnu++0x";
				CLANG_CXX_LIBRARY = "libc++";
				CLANG_ENABLE_MODULES = YES;
				CLANG_ENABLE_OBJC_ARC = YES;
				CLANG_WARN_BOOL_CONVERSION = YES;
				CLANG_WARN_CONSTANT_CONVERSION = YES;
				CLANG_WARN_DIRECT_OBJC_ISA_USAGE = YES_ERROR;
				CLANG_WARN_EMPTY_BODY = YES;
				CLANG_WARN_ENUM_CONVERSION = YES;
				CLANG_WARN_INT_CONVERSION = YES;
				CLANG_WARN_OBJC_ROOT_CLASS = YES_ERROR;
				CLANG_WARN_UNREACHABLE_CODE = YES;
				CLANG_WARN__DUPLICATE_METHOD_MATCH = YES;
				"CODE_SIGN_IDENTITY[sdk=iphoneos*]" = "iPhone Developer";
				COPY_PHASE_STRIP = NO;
				DEBUG_INFORMATION_FORMAT = "dwarf-with-dsym";
				ENABLE_STRICT_OBJC_MSGSEND = YES;
				GCC_C_LANGUAGE_STANDARD = gnu99;
				GCC_DYNAMIC_NO_PIC = NO;
				GCC_NO_COMMON_BLOCKS = YES;
				GCC_OPTIMIZATION_LEVEL = 0;
				GCC_PREPROCESSOR_DEFINITIONS = (
					"DEBUG=1",
					"$(inherited)",
				);
				GCC_SYMBOLS_PRIVATE_EXTERN = NO;
				GCC_WARN_64_TO_32_BIT_CONVERSION = YES;
				GCC_WARN_ABOUT_RETURN_TYPE = YES_ERROR;
				GCC_WARN_UNDECLARED_SELECTOR = YES;
				GCC_WARN_UNINITIALIZED_AUTOS = YES_AGGRESSIVE;
				GCC_WARN_UNUSED_FUNCTION = YES;
				GCC_WARN_UNUSED_VARIABLE = YES;
				IPHONEOS_DEPLOYMENT_TARGET = 8.3;
				MTL_ENABLE_DEBUG_INFO = YES;
				ONLY_ACTIVE_ARCH = YES;
				SDKROOT = iphoneos;
				SWIFT_OPTIMIZATION_LEVEL = "-Onone";
			};
			name = Debug;
		};
		62DA09CB1D956EB300E0AB2C /* Release */ = {
			isa = XCBuildConfiguration;
			buildSettings = {
				ALWAYS_SEARCH_USER_PATHS = NO;
				CLANG_CXX_LANGUAGE_STANDARD = "gnu++0x";
				CLANG_CXX_LIBRARY = "libc++";
				CLANG_ENABLE_MODULES = YES;
				CLANG_ENABLE_OBJC_ARC = YES;
				CLANG_WARN_BOOL_CONVERSION = YES;
				CLANG_WARN_CONSTANT_CONVERSION = YES;
				CLANG_WARN_DIRECT_OBJC_ISA_USAGE = YES_ERROR;
				CLANG_WARN_EMPTY_BODY = YES;
				CLANG_WARN_ENUM_CONVERSION = YES;
				CLANG_WARN_INT_CONVERSION = YES;
				CLANG_WARN_OBJC_ROOT_CLASS = YES_ERROR;
				CLANG_WARN_UNREACHABLE_CODE = YES;
				CLANG_WARN__DUPLICATE_METHOD_MATCH = YES;
				"CODE_SIGN_IDENTITY[sdk=iphoneos*]" = "iPhone Developer";
				COPY_PHASE_STRIP = NO;
				DEBUG_INFORMATION_FORMAT = "dwarf-with-dsym";
				ENABLE_NS_ASSERTIONS = NO;
				ENABLE_STRICT_OBJC_MSGSEND = YES;
				GCC_C_LANGUAGE_STANDARD = gnu99;
				GCC_NO_COMMON_BLOCKS = YES;
				GCC_WARN_64_TO_32_BIT_CONVERSION = YES;
				GCC_WARN_ABOUT_RETURN_TYPE = YES_ERROR;
				GCC_WARN_UNDECLARED_SELECTOR = YES;
				GCC_WARN_UNINITIALIZED_AUTOS = YES_AGGRESSIVE;
				GCC_WARN_UNUSED_FUNCTION = YES;
				GCC_WARN_UNUSED_VARIABLE = YES;
				IPHONEOS_DEPLOYMENT_TARGET = 8.3;
				MTL_ENABLE_DEBUG_INFO = NO;
				SDKROOT = iphoneos;
				VALIDATE_PRODUCT = YES;
			};
			name = Release;
		};
		62DA09CD1D956EB300E0AB2C /* Debug */ = {
			isa = XCBuildConfiguration;
			buildSettings = {
				ASSETCATALOG_COMPILER_APPICON_NAME = AppIcon;
				INFOPLIST_FILE = "Ejercicio 2 - Calculadora/Info.plist";
				LD_RUNPATH_SEARCH_PATHS = "$(inherited) @executable_path/Frameworks";
				PRODUCT_NAME = "$(TARGET_NAME)";
			};
			name = Debug;
		};
		62DA09CE1D956EB300E0AB2C /* Release */ = {
			isa = XCBuildConfiguration;
			buildSettings = {
				ASSETCATALOG_COMPILER_APPICON_NAME = AppIcon;
				INFOPLIST_FILE = "Ejercicio 2 - Calculadora/Info.plist";
				LD_RUNPATH_SEARCH_PATHS = "$(inherited) @executable_path/Frameworks";
				PRODUCT_NAME = "$(TARGET_NAME)";
			};
			name = Release;
		};
		62DA09D01D956EB300E0AB2C /* Debug */ = {
			isa = XCBuildConfiguration;
			buildSettings = {
				BUNDLE_LOADER = "$(TEST_HOST)";
				FRAMEWORK_SEARCH_PATHS = (
					"$(SDKROOT)/Developer/Library/Frameworks",
					"$(inherited)",
				);
				GCC_PREPROCESSOR_DEFINITIONS = (
					"DEBUG=1",
					"$(inherited)",
				);
				INFOPLIST_FILE = "Ejercicio 2 - CalculadoraTests/Info.plist";
				LD_RUNPATH_SEARCH_PATHS = "$(inherited) @executable_path/Frameworks @loader_path/Frameworks";
				PRODUCT_NAME = "$(TARGET_NAME)";
				TEST_HOST = "$(BUILT_PRODUCTS_DIR)/Ejercicio 2 - Calculadora.app/Ejercicio 2 - Calculadora";
			};
			name = Debug;
		};
		62DA09D11D956EB300E0AB2C /* Release */ = {
			isa = XCBuildConfiguration;
			buildSettings = {
				BUNDLE_LOADER = "$(TEST_HOST)";
				FRAMEWORK_SEARCH_PATHS = (
					"$(SDKROOT)/Developer/Library/Frameworks",
					"$(inherited)",
				);
				INFOPLIST_FILE = "Ejercicio 2 - CalculadoraTests/Info.plist";
				LD_RUNPATH_SEARCH_PATHS = "$(inherited) @executable_path/Frameworks @loader_path/Frameworks";
				PRODUCT_NAME = "$(TARGET_NAME)";
				TEST_HOST = "$(BUILT_PRODUCTS_DIR)/Ejercicio 2 - Calculadora.app/Ejercicio 2 - Calculadora";
			};
			name = Release;
		};
/* End XCBuildConfiguration section */

/* Begin XCConfigurationList section */
		62DA09A51D956EB300E0AB2C /* Build configuration list for PBXProject "Ejercicio 2 - Calculadora" */ = {
			isa = XCConfigurationList;
			buildConfigurations = (
				62DA09CA1D956EB300E0AB2C /* Debug */,
				62DA09CB1D956EB300E0AB2C /* Release */,
			);
			defaultConfigurationIsVisible = 0;
			defaultConfigurationName = Release;
		};
		62DA09CC1D956EB300E0AB2C /* Build configuration list for PBXNativeTarget "Ejercicio 2 - Calculadora" */ = {
			isa = XCConfigurationList;
			buildConfigurations = (
				62DA09CD1D956EB300E0AB2C /* Debug */,
				62DA09CE1D956EB300E0AB2C /* Release */,
			);
			defaultConfigurationIsVisible = 0;
		};
		62DA09CF1D956EB300E0AB2C /* Build configuration list for PBXNativeTarget "Ejercicio 2 - CalculadoraTests" */ = {
			isa = XCConfigurationList;
			buildConfigurations = (
				62DA09D01D956EB300E0AB2C /* Debug */,
				62DA09D11D956EB300E0AB2C /* Release */,
			);
			defaultConfigurationIsVisible = 0;
		};
/* End XCConfigurationList section */

/* Begin XCVersionGroup section */
		62DA09B11D956EB300E0AB2C /* Ejercicio_2___Calculadora.xcdatamodeld */ = {
			isa = XCVersionGroup;
			children = (
				62DA09B21D956EB300E0AB2C /* Ejercicio_2___Calculadora.xcdatamodel */,
			);
			currentVersion = 62DA09B21D956EB300E0AB2C /* Ejercicio_2___Calculadora.xcdatamodel */;
			path = "Ejercicio_2___Calculadora.xcdatamodeld";
			sourceTree = "<group>";
			versionGroupType = wrapper.xcdatamodel;
		};
/* End XCVersionGroup section */
	};
	rootObject = 62DA09A21D956EB300E0AB2C /* Project object */;
}
